// !$*UTF8*$!
{
	archiveVersion = 1;
	classes = {
	};
	objectVersion = 50;
	objects = {

/* Begin PBXBuildFile section */
		9A675759216DFD0B0087915E /* Actors.swift in Sources */ = {isa = PBXBuildFile; fileRef = 9A675758216DFD0B0087915E /* Actors.swift */; };
		9A67575D216E16F50087915E /* EmptyStatusTableViewCell.swift in Sources */ = {isa = PBXBuildFile; fileRef = 9A67575B216E16F50087915E /* EmptyStatusTableViewCell.swift */; };
		9A67575E216E16F50087915E /* EmptyStatusTableViewCell.xib in Resources */ = {isa = PBXBuildFile; fileRef = 9A67575C216E16F50087915E /* EmptyStatusTableViewCell.xib */; };
		9AFF77FB2164C0610085562B /* AppDelegate.swift in Sources */ = {isa = PBXBuildFile; fileRef = 9AFF77FA2164C0610085562B /* AppDelegate.swift */; };
		9AFF78032164C0610085562B /* Series.xcdatamodeld in Sources */ = {isa = PBXBuildFile; fileRef = 9AFF78012164C0610085562B /* Series.xcdatamodeld */; };
		9AFF78052164C0630085562B /* Assets.xcassets in Resources */ = {isa = PBXBuildFile; fileRef = 9AFF78042164C0630085562B /* Assets.xcassets */; };
		9AFF78082164C0630085562B /* LaunchScreen.storyboard in Resources */ = {isa = PBXBuildFile; fileRef = 9AFF78062164C0630085562B /* LaunchScreen.storyboard */; };
		9AFF78132164C1710085562B /* LoginViewController.swift in Sources */ = {isa = PBXBuildFile; fileRef = 9AFF78112164C1710085562B /* LoginViewController.swift */; };
		9AFF78142164C1710085562B /* LoginViewController.xib in Resources */ = {isa = PBXBuildFile; fileRef = 9AFF78122164C1710085562B /* LoginViewController.xib */; };
		9AFF78182164CCA00085562B /* SeriesViewController.swift in Sources */ = {isa = PBXBuildFile; fileRef = 9AFF78162164CCA00085562B /* SeriesViewController.swift */; };
		9AFF78192164CCA00085562B /* SeriesViewController.xib in Resources */ = {isa = PBXBuildFile; fileRef = 9AFF78172164CCA00085562B /* SeriesViewController.xib */; };
		9AFF781C2164CF3C0085562B /* Series.swift in Sources */ = {isa = PBXBuildFile; fileRef = 9AFF781B2164CF3C0085562B /* Series.swift */; };
		9AFF78232164E9D90085562B /* ActorsViewController.swift in Sources */ = {isa = PBXBuildFile; fileRef = 9AFF78212164E9D90085562B /* ActorsViewController.swift */; };
		9AFF78242164E9D90085562B /* ActorsViewController.xib in Resources */ = {isa = PBXBuildFile; fileRef = 9AFF78222164E9D90085562B /* ActorsViewController.xib */; };
		9AFF78292164EA6A0085562B /* ActorsTableViewCell.swift in Sources */ = {isa = PBXBuildFile; fileRef = 9AFF78272164EA6A0085562B /* ActorsTableViewCell.swift */; };
		9AFF782A2164EA6A0085562B /* ActorsTableViewCell.xib in Resources */ = {isa = PBXBuildFile; fileRef = 9AFF78282164EA6A0085562B /* ActorsTableViewCell.xib */; };
/* End PBXBuildFile section */

/* Begin PBXFileReference section */
		9A675758216DFD0B0087915E /* Actors.swift */ = {isa = PBXFileReference; lastKnownFileType = sourcecode.swift; path = Actors.swift; sourceTree = "<group>"; };
		9A67575B216E16F50087915E /* EmptyStatusTableViewCell.swift */ = {isa = PBXFileReference; lastKnownFileType = sourcecode.swift; path = EmptyStatusTableViewCell.swift; sourceTree = "<group>"; };
		9A67575C216E16F50087915E /* EmptyStatusTableViewCell.xib */ = {isa = PBXFileReference; lastKnownFileType = file.xib; path = EmptyStatusTableViewCell.xib; sourceTree = "<group>"; };
		9AFF77F72164C0610085562B /* Series.app */ = {isa = PBXFileReference; explicitFileType = wrapper.application; includeInIndex = 0; path = Series.app; sourceTree = BUILT_PRODUCTS_DIR; };
		9AFF77FA2164C0610085562B /* AppDelegate.swift */ = {isa = PBXFileReference; lastKnownFileType = sourcecode.swift; path = AppDelegate.swift; sourceTree = "<group>"; };
		9AFF78022164C0610085562B /* Series.xcdatamodel */ = {isa = PBXFileReference; lastKnownFileType = wrapper.xcdatamodel; path = Series.xcdatamodel; sourceTree = "<group>"; };
		9AFF78042164C0630085562B /* Assets.xcassets */ = {isa = PBXFileReference; lastKnownFileType = folder.assetcatalog; path = Assets.xcassets; sourceTree = "<group>"; };
		9AFF78072164C0630085562B /* Base */ = {isa = PBXFileReference; lastKnownFileType = file.storyboard; name = Base; path = Base.lproj/LaunchScreen.storyboard; sourceTree = "<group>"; };
		9AFF78092164C0630085562B /* Info.plist */ = {isa = PBXFileReference; lastKnownFileType = text.plist.xml; path = Info.plist; sourceTree = "<group>"; };
		9AFF78112164C1710085562B /* LoginViewController.swift */ = {isa = PBXFileReference; lastKnownFileType = sourcecode.swift; path = LoginViewController.swift; sourceTree = "<group>"; };
		9AFF78122164C1710085562B /* LoginViewController.xib */ = {isa = PBXFileReference; lastKnownFileType = file.xib; path = LoginViewController.xib; sourceTree = "<group>"; };
		9AFF78162164CCA00085562B /* SeriesViewController.swift */ = {isa = PBXFileReference; lastKnownFileType = sourcecode.swift; path = SeriesViewController.swift; sourceTree = "<group>"; };
		9AFF78172164CCA00085562B /* SeriesViewController.xib */ = {isa = PBXFileReference; lastKnownFileType = file.xib; path = SeriesViewController.xib; sourceTree = "<group>"; };
		9AFF781B2164CF3C0085562B /* Series.swift */ = {isa = PBXFileReference; lastKnownFileType = sourcecode.swift; path = Series.swift; sourceTree = "<group>"; };
		9AFF78212164E9D90085562B /* ActorsViewController.swift */ = {isa = PBXFileReference; lastKnownFileType = sourcecode.swift; path = ActorsViewController.swift; sourceTree = "<group>"; };
		9AFF78222164E9D90085562B /* ActorsViewController.xib */ = {isa = PBXFileReference; lastKnownFileType = file.xib; path = ActorsViewController.xib; sourceTree = "<group>"; };
		9AFF78272164EA6A0085562B /* ActorsTableViewCell.swift */ = {isa = PBXFileReference; lastKnownFileType = sourcecode.swift; path = ActorsTableViewCell.swift; sourceTree = "<group>"; };
		9AFF78282164EA6A0085562B /* ActorsTableViewCell.xib */ = {isa = PBXFileReference; lastKnownFileType = file.xib; path = ActorsTableViewCell.xib; sourceTree = "<group>"; };
/* End PBXFileReference section */

/* Begin PBXFrameworksBuildPhase section */
		9AFF77F42164C0610085562B /* Frameworks */ = {
			isa = PBXFrameworksBuildPhase;
			buildActionMask = 2147483647;
			files = (
			);
			runOnlyForDeploymentPostprocessing = 0;
		};
/* End PBXFrameworksBuildPhase section */

/* Begin PBXGroup section */
		9A67575A216E168E0087915E /* EmptyStatusCell */ = {
			isa = PBXGroup;
			children = (
				9A67575B216E16F50087915E /* EmptyStatusTableViewCell.swift */,
				9A67575C216E16F50087915E /* EmptyStatusTableViewCell.xib */,
			);
			path = EmptyStatusCell;
			sourceTree = "<group>";
		};
		9AFF77EE2164C0610085562B = {
			isa = PBXGroup;
			children = (
				9AFF77F92164C0610085562B /* Series */,
				9AFF77F82164C0610085562B /* Products */,
			);
			sourceTree = "<group>";
		};
		9AFF77F82164C0610085562B /* Products */ = {
			isa = PBXGroup;
			children = (
				9AFF77F72164C0610085562B /* Series.app */,
			);
			name = Products;
			sourceTree = "<group>";
		};
		9AFF77F92164C0610085562B /* Series */ = {
			isa = PBXGroup;
			children = (
				9AFF780F2164C1220085562B /* ViewController */,
				9AFF77FA2164C0610085562B /* AppDelegate.swift */,
				9AFF78042164C0630085562B /* Assets.xcassets */,
				9AFF78062164C0630085562B /* LaunchScreen.storyboard */,
				9AFF78092164C0630085562B /* Info.plist */,
				9AFF78012164C0610085562B /* Series.xcdatamodeld */,
			);
			path = Series;
			sourceTree = "<group>";
		};
		9AFF780F2164C1220085562B /* ViewController */ = {
			isa = PBXGroup;
			children = (
				9AFF78252164EA2C0085562B /* Cells */,
				9AFF78202164E9C10085562B /* Actors */,
				9AFF781A2164CF0A0085562B /* Models */,
				9AFF78152164CC890085562B /* SeriesViewController */,
				9AFF78102164C1450085562B /* LoginViewController */,
			);
			path = ViewController;
			sourceTree = "<group>";
		};
		9AFF78102164C1450085562B /* LoginViewController */ = {
			isa = PBXGroup;
			children = (
				9AFF78112164C1710085562B /* LoginViewController.swift */,
				9AFF78122164C1710085562B /* LoginViewController.xib */,
			);
			path = LoginViewController;
			sourceTree = "<group>";
		};
		9AFF78152164CC890085562B /* SeriesViewController */ = {
			isa = PBXGroup;
			children = (
				9AFF78162164CCA00085562B /* SeriesViewController.swift */,
				9AFF78172164CCA00085562B /* SeriesViewController.xib */,
			);
			path = SeriesViewController;
			sourceTree = "<group>";
		};
		9AFF781A2164CF0A0085562B /* Models */ = {
			isa = PBXGroup;
			children = (
				9AFF781B2164CF3C0085562B /* Series.swift */,
				9A675758216DFD0B0087915E /* Actors.swift */,
			);
			path = Models;
			sourceTree = "<group>";
		};
		9AFF78202164E9C10085562B /* Actors */ = {
			isa = PBXGroup;
			children = (
				9AFF78212164E9D90085562B /* ActorsViewController.swift */,
				9AFF78222164E9D90085562B /* ActorsViewController.xib */,
			);
			path = Actors;
			sourceTree = "<group>";
		};
		9AFF78252164EA2C0085562B /* Cells */ = {
			isa = PBXGroup;
			children = (
				9A67575A216E168E0087915E /* EmptyStatusCell */,
				9AFF78262164EA3E0085562B /* ActorCells */,
			);
			path = Cells;
			sourceTree = "<group>";
		};
		9AFF78262164EA3E0085562B /* ActorCells */ = {
			isa = PBXGroup;
			children = (
				9AFF78272164EA6A0085562B /* ActorsTableViewCell.swift */,
				9AFF78282164EA6A0085562B /* ActorsTableViewCell.xib */,
			);
			path = ActorCells;
			sourceTree = "<group>";
		};
/* End PBXGroup section */

/* Begin PBXNativeTarget section */
		9AFF77F62164C0610085562B /* Series */ = {
			isa = PBXNativeTarget;
			buildConfigurationList = 9AFF780C2164C0630085562B /* Build configuration list for PBXNativeTarget "Series" */;
			buildPhases = (
				9AFF77F32164C0610085562B /* Sources */,
				9AFF77F42164C0610085562B /* Frameworks */,
				9AFF77F52164C0610085562B /* Resources */,
			);
			buildRules = (
			);
			dependencies = (
			);
			name = Series;
			productName = Series;
			productReference = 9AFF77F72164C0610085562B /* Series.app */;
			productType = "com.apple.product-type.application";
		};
/* End PBXNativeTarget section */

/* Begin PBXProject section */
		9AFF77EF2164C0610085562B /* Project object */ = {
			isa = PBXProject;
			attributes = {
				LastSwiftUpdateCheck = 0930;
				LastUpgradeCheck = 0930;
				ORGANIZATIONNAME = "DAVID ANGULO CORCUERA";
				TargetAttributes = {
					9AFF77F62164C0610085562B = {
						CreatedOnToolsVersion = 9.3;
					};
				};
			};
			buildConfigurationList = 9AFF77F22164C0610085562B /* Build configuration list for PBXProject "Series" */;
			compatibilityVersion = "Xcode 9.3";
			developmentRegion = en;
			hasScannedForEncodings = 0;
			knownRegions = (
				en,
				Base,
			);
			mainGroup = 9AFF77EE2164C0610085562B;
			productRefGroup = 9AFF77F82164C0610085562B /* Products */;
			projectDirPath = "";
			projectRoot = "";
			targets = (
				9AFF77F62164C0610085562B /* Series */,
			);
		};
/* End PBXProject section */

/* Begin PBXResourcesBuildPhase section */
		9AFF77F52164C0610085562B /* Resources */ = {
			isa = PBXResourcesBuildPhase;
			buildActionMask = 2147483647;
			files = (
				9A67575E216E16F50087915E /* EmptyStatusTableViewCell.xib in Resources */,
				9AFF78082164C0630085562B /* LaunchScreen.storyboard in Resources */,
				9AFF782A2164EA6A0085562B /* ActorsTableViewCell.xib in Resources */,
				9AFF78052164C0630085562B /* Assets.xcassets in Resources */,
				9AFF78242164E9D90085562B /* ActorsViewController.xib in Resources */,
				9AFF78142164C1710085562B /* LoginViewController.xib in Resources */,
				9AFF78192164CCA00085562B /* SeriesViewController.xib in Resources */,
			);
			runOnlyForDeploymentPostprocessing = 0;
		};
/* End PBXResourcesBuildPhase section */

/* Begin PBXSourcesBuildPhase section */
		9AFF77F32164C0610085562B /* Sources */ = {
			isa = PBXSourcesBuildPhase;
			buildActionMask = 2147483647;
			files = (
				9A67575D216E16F50087915E /* EmptyStatusTableViewCell.swift in Sources */,
				9AFF78232164E9D90085562B /* ActorsViewController.swift in Sources */,
				9AFF78132164C1710085562B /* LoginViewController.swift in Sources */,
				9AFF77FB2164C0610085562B /* AppDelegate.swift in Sources */,
				9A675759216DFD0B0087915E /* Actors.swift in Sources */,
				9AFF78032164C0610085562B /* Series.xcdatamodeld in Sources */,
				9AFF78182164CCA00085562B /* SeriesViewController.swift in Sources */,
				9AFF78292164EA6A0085562B /* ActorsTableViewCell.swift in Sources */,
				9AFF781C2164CF3C0085562B /* Series.swift in Sources */,
			);
			runOnlyForDeploymentPostprocessing = 0;
		};
/* End PBXSourcesBuildPhase section */

/* Begin PBXVariantGroup section */
		9AFF78062164C0630085562B /* LaunchScreen.storyboard */ = {
			isa = PBXVariantGroup;
			children = (
				9AFF78072164C0630085562B /* Base */,
			);
			name = LaunchScreen.storyboard;
			sourceTree = "<group>";
		};
/* End PBXVariantGroup section */

/* Begin XCBuildConfiguration section */
		9AFF780A2164C0630085562B /* Debug */ = {
			isa = XCBuildConfiguration;
			buildSettings = {
				ALWAYS_SEARCH_USER_PATHS = NO;
				CLANG_ANALYZER_NONNULL = YES;
				CLANG_ANALYZER_NUMBER_OBJECT_CONVERSION = YES_AGGRESSIVE;
				CLANG_CXX_LANGUAGE_STANDARD = "gnu++14";
				CLANG_CXX_LIBRARY = "libc++";
				CLANG_ENABLE_MODULES = YES;
				CLANG_ENABLE_OBJC_ARC = YES;
				CLANG_ENABLE_OBJC_WEAK = YES;
				CLANG_WARN_BLOCK_CAPTURE_AUTORELEASING = YES;
				CLANG_WARN_BOOL_CONVERSION = YES;
				CLANG_WARN_COMMA = YES;
				CLANG_WARN_CONSTANT_CONVERSION = YES;
				CLANG_WARN_DEPRECATED_OBJC_IMPLEMENTATIONS = YES;
				CLANG_WARN_DIRECT_OBJC_ISA_USAGE = YES_ERROR;
				CLANG_WARN_DOCUMENTATION_COMMENTS = YES;
				CLANG_WARN_EMPTY_BODY = YES;
				CLANG_WARN_ENUM_CONVERSION = YES;
				CLANG_WARN_INFINITE_RECURSION = YES;
				CLANG_WARN_INT_CONVERSION = YES;
				CLANG_WARN_NON_LITERAL_NULL_CONVERSION = YES;
				CLANG_WARN_OBJC_IMPLICIT_RETAIN_SELF = YES;
				CLANG_WARN_OBJC_LITERAL_CONVERSION = YES;
				CLANG_WARN_OBJC_ROOT_CLASS = YES_ERROR;
				CLANG_WARN_RANGE_LOOP_ANALYSIS = YES;
				CLANG_WARN_STRICT_PROTOTYPES = YES;
				CLANG_WARN_SUSPICIOUS_MOVE = YES;
				CLANG_WARN_UNGUARDED_AVAILABILITY = YES_AGGRESSIVE;
				CLANG_WARN_UNREACHABLE_CODE = YES;
				CLANG_WARN__DUPLICATE_METHOD_MATCH = YES;
				CODE_SIGN_IDENTITY = "iPhone Developer";
				COPY_PHASE_STRIP = NO;
				DEBUG_INFORMATION_FORMAT = dwarf;
				ENABLE_STRICT_OBJC_MSGSEND = YES;
				ENABLE_TESTABILITY = YES;
				GCC_C_LANGUAGE_STANDARD = gnu11;
				GCC_DYNAMIC_NO_PIC = NO;
				GCC_NO_COMMON_BLOCKS = YES;
				GCC_OPTIMIZATION_LEVEL = 0;
				GCC_PREPROCESSOR_DEFINITIONS = (
					"DEBUG=1",
					"$(inherited)",
				);
				GCC_WARN_64_TO_32_BIT_CONVERSION = YES;
				GCC_WARN_ABOUT_RETURN_TYPE = YES_ERROR;
				GCC_WARN_UNDECLARED_SELECTOR = YES;
				GCC_WARN_UNINITIALIZED_AUTOS = YES_AGGRESSIVE;
				GCC_WARN_UNUSED_FUNCTION = YES;
				GCC_WARN_UNUSED_VARIABLE = YES;
				IPHONEOS_DEPLOYMENT_TARGET = 11.3;
				MTL_ENABLE_DEBUG_INFO = YES;
				ONLY_ACTIVE_ARCH = YES;
				SDKROOT = iphoneos;
				SWIFT_ACTIVE_COMPILATION_CONDITIONS = DEBUG;
				SWIFT_OPTIMIZATION_LEVEL = "-Onone";
			};
			name = Debug;
		};
		9AFF780B2164C0630085562B /* Release */ = {
			isa = XCBuildConfiguration;
			buildSettings = {
				ALWAYS_SEARCH_USER_PATHS = NO;
				CLANG_ANALYZER_NONNULL = YES;
				CLANG_ANALYZER_NUMBER_OBJECT_CONVERSION = YES_AGGRESSIVE;
				CLANG_CXX_LANGUAGE_STANDARD = "gnu++14";
				CLANG_CXX_LIBRARY = "libc++";
				CLANG_ENABLE_MODULES = YES;
				CLANG_ENABLE_OBJC_ARC = YES;
				CLANG_ENABLE_OBJC_WEAK = YES;
				CLANG_WARN_BLOCK_CAPTURE_AUTORELEASING = YES;
				CLANG_WARN_BOOL_CONVERSION = YES;
				CLANG_WARN_COMMA = YES;
				CLANG_WARN_CONSTANT_CONVERSION = YES;
				CLANG_WARN_DEPRECATED_OBJC_IMPLEMENTATIONS = YES;
				CLANG_WARN_DIRECT_OBJC_ISA_USAGE = YES_ERROR;
				CLANG_WARN_DOCUMENTATION_COMMENTS = YES;
				CLANG_WARN_EMPTY_BODY = YES;
				CLANG_WARN_ENUM_CONVERSION = YES;
				CLANG_WARN_INFINITE_RECURSION = YES;
				CLANG_WARN_INT_CONVERSION = YES;
				CLANG_WARN_NON_LITERAL_NULL_CONVERSION = YES;
				CLANG_WARN_OBJC_IMPLICIT_RETAIN_SELF = YES;
				CLANG_WARN_OBJC_LITERAL_CONVERSION = YES;
				CLANG_WARN_OBJC_ROOT_CLASS = YES_ERROR;
				CLANG_WARN_RANGE_LOOP_ANALYSIS = YES;
				CLANG_WARN_STRICT_PROTOTYPES = YES;
				CLANG_WARN_SUSPICIOUS_MOVE = YES;
				CLANG_WARN_UNGUARDED_AVAILABILITY = YES_AGGRESSIVE;
				CLANG_WARN_UNREACHABLE_CODE = YES;
				CLANG_WARN__DUPLICATE_METHOD_MATCH = YES;
				CODE_SIGN_IDENTITY = "iPhone Developer";
				COPY_PHASE_STRIP = NO;
				DEBUG_INFORMATION_FORMAT = "dwarf-with-dsym";
				ENABLE_NS_ASSERTIONS = NO;
				ENABLE_STRICT_OBJC_MSGSEND = YES;
				GCC_C_LANGUAGE_STANDARD = gnu11;
				GCC_NO_COMMON_BLOCKS = YES;
				GCC_WARN_64_TO_32_BIT_CONVERSION = YES;
				GCC_WARN_ABOUT_RETURN_TYPE = YES_ERROR;
				GCC_WARN_UNDECLARED_SELECTOR = YES;
				GCC_WARN_UNINITIALIZED_AUTOS = YES_AGGRESSIVE;
				GCC_WARN_UNUSED_FUNCTION = YES;
				GCC_WARN_UNUSED_VARIABLE = YES;
				IPHONEOS_DEPLOYMENT_TARGET = 11.3;
				MTL_ENABLE_DEBUG_INFO = NO;
				SDKROOT = iphoneos;
				SWIFT_COMPILATION_MODE = wholemodule;
				SWIFT_OPTIMIZATION_LEVEL = "-O";
				VALIDATE_PRODUCT = YES;
			};
			name = Release;
		};
		9AFF780D2164C0630085562B /* Debug */ = {
			isa = XCBuildConfiguration;
			buildSettings = {
				ASSETCATALOG_COMPILER_APPICON_NAME = AppIcon;
				CODE_SIGN_STYLE = Automatic;
				INFOPLIST_FILE = Series/Info.plist;
				LD_RUNPATH_SEARCH_PATHS = (
					"$(inherited)",
					"@executable_path/Frameworks",
				);
				PRODUCT_BUNDLE_IDENTIFIER = david.Series;
				PRODUCT_NAME = "$(TARGET_NAME)";
				SWIFT_VERSION = 4.0;
				TARGETED_DEVICE_FAMILY = 1;
			};
			name = Debug;
		};
		9AFF780E2164C0630085562B /* Release */ = {
			isa = XCBuildConfiguration;
			buildSettings = {
				ASSETCATALOG_COMPILER_APPICON_NAME = AppIcon;
				CODE_SIGN_STYLE = Automatic;
				INFOPLIST_FILE = Series/Info.plist;
				LD_RUNPATH_SEARCH_PATHS = (
					"$(inherited)",
					"@executable_path/Frameworks",
				);
				PRODUCT_BUNDLE_IDENTIFIER = david.Series;
				PRODUCT_NAME = "$(TARGET_NAME)";
				SWIFT_VERSION = 4.0;
				TARGETED_DEVICE_FAMILY = 1;
			};
			name = Release;
		};
/* End XCBuildConfiguration section */

/* Begin XCConfigurationList section */
		9AFF77F22164C0610085562B /* Build configuration list for PBXProject "Series" */ = {
			isa = XCConfigurationList;
			buildConfigurations = (
				9AFF780A2164C0630085562B /* Debug */,
				9AFF780B2164C0630085562B /* Release */,
			);
			defaultConfigurationIsVisible = 0;
			defaultConfigurationName = Release;
		};
		9AFF780C2164C0630085562B /* Build configuration list for PBXNativeTarget "Series" */ = {
			isa = XCConfigurationList;
			buildConfigurations = (
				9AFF780D2164C0630085562B /* Debug */,
				9AFF780E2164C0630085562B /* Release */,
			);
			defaultConfigurationIsVisible = 0;
			defaultConfigurationName = Release;
		};
/* End XCConfigurationList section */

/* Begin XCVersionGroup section */
		9AFF78012164C0610085562B /* Series.xcdatamodeld */ = {
			isa = XCVersionGroup;
			children = (
				9AFF78022164C0610085562B /* Series.xcdatamodel */,
			);
			currentVersion = 9AFF78022164C0610085562B /* Series.xcdatamodel */;
			path = Series.xcdatamodeld;
			sourceTree = "<group>";
			versionGroupType = wrapper.xcdatamodel;
		};
/* End XCVersionGroup section */
	};
	rootObject = 9AFF77EF2164C0610085562B /* Project object */;
}
